{
  "nodes": {
    "apollo": {
      "flake": false,
      "locked": {
        "lastModified": 1665007857,
        "narHash": "sha256-gmxW7inWm0DhISWYzj6KufArYIoTk4JWjEBHVJ0/HSA=",
        "owner": "not-matthias",
        "repo": "apollo",
        "rev": "62e8667ffe2cbe62fb8000ba66c31a148dca24c0",
        "type": "github"
      },
      "original": {
        "owner": "not-matthias",
        "repo": "apollo",
        "type": "github"
      }
    },
    "flake-parts": {
      "inputs": {
        "nixpkgs": [
          "nixpkgs"
        ]
      },
      "locked": {
        "lastModified": 1664385320,
        "narHash": "sha256-uSCHb9RUqHRjTpI8OzyaUuHckFnnxwZqlXEuo+yUpYQ=",
        "owner": "hercules-ci",
        "repo": "flake-parts",
        "rev": "45298bd207b26e1bcd030a0bb075aa2da29f8e30",
        "type": "github"
      },
      "original": {
        "owner": "hercules-ci",
        "repo": "flake-parts",
        "type": "github"
      }
    },
    "gitignore": {
      "inputs": {
        "nixpkgs": [
          "nixpkgs"
        ]
      },
      "locked": {
        "lastModified": 1660459072,
        "narHash": "sha256-8DFJjXG8zqoONA1vXtgeKXy68KdJL5UaXR8NtVMUbx8=",
        "owner": "hercules-ci",
        "repo": "gitignore.nix",
        "rev": "a20de23b925fd8264fd7fad6454652e142fd7f73",
        "type": "github"
      },
      "original": {
        "owner": "hercules-ci",
        "repo": "gitignore.nix",
        "type": "github"
      }
    },
    "nixpkgs": {
      "locked": {
        "lastModified": 1665081174,
        "narHash": "sha256-6hsmzdhdy8Kbvl5e0xZNE83pW3fKQvNiobJkM6KQrgA=",
        "owner": "NixOS",
        "repo": "nixpkgs",
        "rev": "598f83ebeb2235435189cf84d844b8b73e858e0f",
        "type": "github"
      },
      "original": {
        "owner": "NixOS",
        "ref": "nixos-unstable",
        "repo": "nixpkgs",
        "type": "github"
      }
    },
    "root": {
      "inputs": {
        "apollo": "apollo",
        "flake-parts": "flake-parts",
        "gitignore": "gitignore",
        "nixpkgs": "nixpkgs"
      }
    }
  },
  "root": "root",
  "version": 7
}
